// !$*UTF8*$!
{
	archiveVersion = 1;
	classes = {
	};
	objectVersion = 77;
	objects = {

/* Begin PBXContainerItemProxy section */
		B5EDAD582F047A5100397108 /* PBXContainerItemProxy */ = {
			isa = PBXContainerItemProxy;
			containerPortal = B5EDAD392F047A5000397108 /* Project object */;
			proxyType = 1;
			remoteGlobalIDString = B5EDAD402F047A5000397108;
			remoteInfo = "Lab_007-Light";
		};
		B5EDAD622F047A5100397108 /* PBXContainerItemProxy */ = {
			isa = PBXContainerItemProxy;
			containerPortal = B5EDAD392F047A5000397108 /* Project object */;
			proxyType = 1;
			remoteGlobalIDString = B5EDAD402F047A5000397108;
			remoteInfo = "Lab_007-Light";
		};
/* End PBXContainerItemProxy section */

/* Begin PBXFileReference section */
		B5EDAD412F047A5000397108 /* Lab_007-Light.app */ = {isa = PBXFileReference; explicitFileType = wrapper.application; includeInIndex = 0; path = "Lab_007-Light.app"; sourceTree = BUILT_PRODUCTS_DIR; };
		B5EDAD572F047A5100397108 /* Lab_007-LightTests.xctest */ = {isa = PBXFileReference; explicitFileType = wrapper.cfbundle; includeInIndex = 0; path = "Lab_007-LightTests.xctest"; sourceTree = BUILT_PRODUCTS_DIR; };
		B5EDAD612F047A5100397108 /* Lab_007-LightUITests.xctest */ = {isa = PBXFileReference; explicitFileType = wrapper.cfbundle; includeInIndex = 0; path = "Lab_007-LightUITests.xctest"; sourceTree = BUILT_PRODUCTS_DIR; };
/* End PBXFileReference section */

/* Begin PBXFileSystemSynchronizedBuildFileExceptionSet section */
		B5EDAD692F047A5100397108 /* Exceptions for "Lab_007-Light" folder in "Lab_007-Light" target */ = {
			isa = PBXFileSystemSynchronizedBuildFileExceptionSet;
			membershipExceptions = (
				Info.plist,
			);
			target = B5EDAD402F047A5000397108 /* Lab_007-Light */;
		};
/* End PBXFileSystemSynchronizedBuildFileExceptionSet section */

/* Begin PBXFileSystemSynchronizedRootGroup section */
		B5EDAD432F047A5000397108 /* Lab_007-Light */ = {
			isa = PBXFileSystemSynchronizedRootGroup;
			exceptions = (
				B5EDAD692F047A5100397108 /* Exceptions for "Lab_007-Light" folder in "Lab_007-Light" target */,
			);
			path = "Lab_007-Light";
			sourceTree = "<group>";
		};
		B5EDAD5A2F047A5100397108 /* Lab_007-LightTests */ = {
			isa = PBXFileSystemSynchronizedRootGroup;
			path = "Lab_007-LightTests";
			sourceTree = "<group>";
		};
		B5EDAD642F047A5100397108 /* Lab_007-LightUITests */ = {
			isa = PBXFileSystemSynchronizedRootGroup;
			path = "Lab_007-LightUITests";
			sourceTree = "<group>";
		};
/* End PBXFileSystemSynchronizedRootGroup section */

/* Begin PBXFrameworksBuildPhase section */
		B5EDAD3E2F047A5000397108 /* Frameworks */ = {
			isa = PBXFrameworksBuildPhase;
			buildActionMask = 2147483647;
			files = (
			);
			runOnlyForDeploymentPostprocessing = 0;
		};
		B5EDAD542F047A5100397108 /* Frameworks */ = {
			isa = PBXFrameworksBuildPhase;
			buildActionMask = 2147483647;
			files = (
			);
			runOnlyForDeploymentPostprocessing = 0;
		};
		B5EDAD5E2F047A5100397108 /* Frameworks */ = {
			isa = PBXFrameworksBuildPhase;
			buildActionMask = 2147483647;
			files = (
			);
			runOnlyForDeploymentPostprocessing = 0;
		};
/* End PBXFrameworksBuildPhase section */

/* Begin PBXGroup section */
		B5EDAD382F047A5000397108 = {
			isa = PBXGroup;
			children = (
				B5EDAD432F047A5000397108 /* Lab_007-Light */,
				B5EDAD5A2F047A5100397108 /* Lab_007-LightTests */,
				B5EDAD642F047A5100397108 /* Lab_007-LightUITests */,
				B5EDAD422F047A5000397108 /* Products */,
			);
			sourceTree = "<group>";
		};
		B5EDAD422F047A5000397108 /* Products */ = {
			isa = PBXGroup;
			children = (
				B5EDAD412F047A5000397108 /* Lab_007-Light.app */,
				B5EDAD572F047A5100397108 /* Lab_007-LightTests.xctest */,
				B5EDAD612F047A5100397108 /* Lab_007-LightUITests.xctest */,
			);
			name = Products;
			sourceTree = "<group>";
		};
/* End PBXGroup section */

/* Begin PBXNativeTarget section */
		B5EDAD402F047A5000397108 /* Lab_007-Light */ = {
			isa = PBXNativeTarget;
			buildConfigurationList = B5EDAD6A2F047A5100397108 /* Build configuration list for PBXNativeTarget "Lab_007-Light" */;
			buildPhases = (
				B5EDAD3D2F047A5000397108 /* Sources */,
				B5EDAD3E2F047A5000397108 /* Frameworks */,
				B5EDAD3F2F047A5000397108 /* Resources */,
			);
			buildRules = (
			);
			dependencies = (
			);
			fileSystemSynchronizedGroups = (
				B5EDAD432F047A5000397108 /* Lab_007-Light */,
			);
			name = "Lab_007-Light";
			packageProductDependencies = (
			);
			productName = "Lab_007-Light";
			productReference = B5EDAD412F047A5000397108 /* Lab_007-Light.app */;
			productType = "com.apple.product-type.application";
		};
		B5EDAD562F047A5100397108 /* Lab_007-LightTests */ = {
			isa = PBXNativeTarget;
			buildConfigurationList = B5EDAD6F2F047A5100397108 /* Build configuration list for PBXNativeTarget "Lab_007-LightTests" */;
			buildPhases = (
				B5EDAD532F047A5100397108 /* Sources */,
				B5EDAD542F047A5100397108 /* Frameworks */,
				B5EDAD552F047A5100397108 /* Resources */,
			);
			buildRules = (
			);
			dependencies = (
				B5EDAD592F047A5100397108 /* PBXTargetDependency */,
			);
			fileSystemSynchronizedGroups = (
				B5EDAD5A2F047A5100397108 /* Lab_007-LightTests */,
			);
			name = "Lab_007-LightTests";
			packageProductDependencies = (
			);
			productName = "Lab_007-LightTests";
			productReference = B5EDAD572F047A5100397108 /* Lab_007-LightTests.xctest */;
			productType = "com.apple.product-type.bundle.unit-test";
		};
		B5EDAD602F047A5100397108 /* Lab_007-LightUITests */ = {
			isa = PBXNativeTarget;
			buildConfigurationList = B5EDAD722F047A5100397108 /* Build configuration list for PBXNativeTarget "Lab_007-LightUITests" */;
			buildPhases = (
				B5EDAD5D2F047A5100397108 /* Sources */,
				B5EDAD5E2F047A5100397108 /* Frameworks */,
				B5EDAD5F2F047A5100397108 /* Resources */,
			);
			buildRules = (
			);
			dependencies = (
				B5EDAD632F047A5100397108 /* PBXTargetDependency */,
			);
			fileSystemSynchronizedGroups = (
				B5EDAD642F047A5100397108 /* Lab_007-LightUITests */,
			);
			name = "Lab_007-LightUITests";
			packageProductDependencies = (
			);
			productName = "Lab_007-LightUITests";
			productReference = B5EDAD612F047A5100397108 /* Lab_007-LightUITests.xctest */;
			productType = "com.apple.product-type.bundle.ui-testing";
		};
/* End PBXNativeTarget section */

/* Begin PBXProject section */
		B5EDAD392F047A5000397108 /* Project object */ = {
			isa = PBXProject;
			attributes = {
				BuildIndependentTargetsInParallel = 1;
				LastSwiftUpdateCheck = 1640;
				LastUpgradeCheck = 1640;
				TargetAttributes = {
					B5EDAD402F047A5000397108 = {
						CreatedOnToolsVersion = 16.4;
					};
					B5EDAD562F047A5100397108 = {
						CreatedOnToolsVersion = 16.4;
						TestTargetID = B5EDAD402F047A5000397108;
					};
					B5EDAD602F047A5100397108 = {
						CreatedOnToolsVersion = 16.4;
						TestTargetID = B5EDAD402F047A5000397108;
					};
				};
			};
			buildConfigurationList = B5EDAD3C2F047A5000397108 /* Build configuration list for PBXProject "Lab_007-Light" */;
			developmentRegion = en;
			hasScannedForEncodings = 0;
			knownRegions = (
				en,
				Base,
			);
			mainGroup = B5EDAD382F047A5000397108;
			minimizedProjectReferenceProxies = 1;
			preferredProjectObjectVersion = 77;
			productRefGroup = B5EDAD422F047A5000397108 /* Products */;
			projectDirPath = "";
			projectRoot = "";
			targets = (
				B5EDAD402F047A5000397108 /* Lab_007-Light */,
				B5EDAD562F047A5100397108 /* Lab_007-LightTests */,
				B5EDAD602F047A5100397108 /* Lab_007-LightUITests */,
			);
		};
/* End PBXProject section */

/* Begin PBXResourcesBuildPhase section */
		B5EDAD3F2F047A5000397108 /* Resources */ = {
			isa = PBXResourcesBuildPhase;
			buildActionMask = 2147483647;
			files = (
			);
			runOnlyForDeploymentPostprocessing = 0;
		};
		B5EDAD552F047A5100397108 /* Resources */ = {
			isa = PBXResourcesBuildPhase;
			buildActionMask = 2147483647;
			files = (
			);
			runOnlyForDeploymentPostprocessing = 0;
		};
		B5EDAD5F2F047A5100397108 /* Resources */ = {
			isa = PBXResourcesBuildPhase;
			buildActionMask = 2147483647;
			files = (
			);
			runOnlyForDeploymentPostprocessing = 0;
		};
/* End PBXResourcesBuildPhase section */

/* Begin PBXSourcesBuildPhase section */
		B5EDAD3D2F047A5000397108 /* Sources */ = {
			isa = PBXSourcesBuildPhase;
			buildActionMask = 2147483647;
			files = (
			);
			runOnlyForDeploymentPostprocessing = 0;
		};
		B5EDAD532F047A5100397108 /* Sources */ = {
			isa = PBXSourcesBuildPhase;
			buildActionMask = 2147483647;
			files = (
			);
			runOnlyForDeploymentPostprocessing = 0;
		};
		B5EDAD5D2F047A5100397108 /* Sources */ = {
			isa = PBXSourcesBuildPhase;
			buildActionMask = 2147483647;
			files = (
			);
			runOnlyForDeploymentPostprocessing = 0;
		};
/* End PBXSourcesBuildPhase section */

/* Begin PBXTargetDependency section */
		B5EDAD592F047A5100397108 /* PBXTargetDependency */ = {
			isa = PBXTargetDependency;
			target = B5EDAD402F047A5000397108 /* Lab_007-Light */;
			targetProxy = B5EDAD582F047A5100397108 /* PBXContainerItemProxy */;
		};
		B5EDAD632F047A5100397108 /* PBXTargetDependency */ = {
			isa = PBXTargetDependency;
			target = B5EDAD402F047A5000397108 /* Lab_007-Light */;
			targetProxy = B5EDAD622F047A5100397108 /* PBXContainerItemProxy */;
		};
/* End PBXTargetDependency section */

/* Begin XCBuildConfiguration section */
		B5EDAD6B2F047A5100397108 /* Debug */ = {
			isa = XCBuildConfiguration;
			buildSettings = {
				ASSETCATALOG_COMPILER_APPICON_NAME = AppIcon;
				ASSETCATALOG_COMPILER_GLOBAL_ACCENT_COLOR_NAME = AccentColor;
				CODE_SIGN_STYLE = Automatic;
				CURRENT_PROJECT_VERSION = 1;
				GENERATE_INFOPLIST_FILE = YES;
				INFOPLIST_FILE = "Lab_007-Light/Info.plist";
				INFOPLIST_KEY_UIApplicationSupportsIndirectInputEvents = YES;
				INFOPLIST_KEY_UILaunchStoryboardName = LaunchScreen;
				INFOPLIST_KEY_UIMainStoryboardFile = Main;
				INFOPLIST_KEY_UISupportedInterfaceOrientations_iPad = "UIInterfaceOrientationPortrait UIInterfaceOrientationPortraitUpsideDown UIInterfaceOrientationLandscapeLeft UIInterfaceOrientationLandscapeRight";
				INFOPLIST_KEY_UISupportedInterfaceOrientations_iPhone = "UIInterfaceOrientationPortrait UIInterfaceOrientationLandscapeLeft UIInterfaceOrientationLandscapeRight";
				LD_RUNPATH_SEARCH_PATHS = (
					"$(inherited)",
					"@executable_path/Frameworks",
				);
				MARKETING_VERSION = 1.0;
				PRODUCT_BUNDLE_IDENTIFIER = "Rhasor.Lab-007-Light";
				PRODUCT_NAME = "$(TARGET_NAME)";
				SWIFT_EMIT_LOC_STRINGS = YES;
				SWIFT_VERSION = 5.0;
				TARGETED_DEVICE_FAMILY = "1,2";
			};
			name = Debug;
		};
		B5EDAD6C2F047A5100397108 /* Release */ = {
			isa = XCBuildConfiguration;
			buildSettings = {
				ASSETCATALOG_COMPILER_APPICON_NAME = AppIcon;
				ASSETCATALOG_COMPILER_GLOBAL_ACCENT_COLOR_NAME = AccentColor;
				CODE_SIGN_STYLE = Automatic;
				CURRENT_PROJECT_VERSION = 1;
				GENERATE_INFOPLIST_FILE = YES;
				INFOPLIST_FILE = "Lab_007-Light/Info.plist";
				INFOPLIST_KEY_UIApplicationSupportsIndirectInputEvents = YES;
				INFOPLIST_KEY_UILaunchStoryboardName = LaunchScreen;
				INFOPLIST_KEY_UIMainStoryboardFile = Main;
				INFOPLIST_KEY_UISupportedInterfaceOrientations_iPad = "UIInterfaceOrientationPortrait UIInterfaceOrientationPortraitUpsideDown UIInterfaceOrientationLandscapeLeft UIInterfaceOrientationLandscapeRight";
				INFOPLIST_KEY_UISupportedInterfaceOrientations_iPhone = "UIInterfaceOrientationPortrait UIInterfaceOrientationLandscapeLeft UIInterfaceOrientationLandscapeRight";
				LD_RUNPATH_SEARCH_PATHS = (
					"$(inherited)",
					"@executable_path/Frameworks",
				);
				MARKETING_VERSION = 1.0;
				PRODUCT_BUNDLE_IDENTIFIER = "Rhasor.Lab-007-Light";
				PRODUCT_NAME = "$(TARGET_NAME)";
				SWIFT_EMIT_LOC_STRINGS = YES;
				SWIFT_VERSION = 5.0;
				TARGETED_DEVICE_FAMILY = "1,2";
			};
			name = Release;
		};
		B5EDAD6D2F047A5100397108 /* Debug */ = {
			isa = XCBuildConfiguration;
			buildSettings = {
				ALWAYS_SEARCH_USER_PATHS = NO;
				ASSETCATALOG_COMPILER_GENERATE_SWIFT_ASSET_SYMBOL_EXTENSIONS = YES;
				CLANG_ANALYZER_NONNULL = YES;
				CLANG_ANALYZER_NUMBER_OBJECT_CONVERSION = YES_AGGRESSIVE;
				CLANG_CXX_LANGUAGE_STANDARD = "gnu++20";
				CLANG_ENABLE_MODULES = YES;
				CLANG_ENABLE_OBJC_ARC = YES;
				CLANG_ENABLE_OBJC_WEAK = YES;
				CLANG_WARN_BLOCK_CAPTURE_AUTORELEASING = YES;
				CLANG_WARN_BOOL_CONVERSION = YES;
				CLANG_WARN_COMMA = YES;
				CLANG_WARN_CONSTANT_CONVERSION = YES;
				CLANG_WARN_DEPRECATED_OBJC_IMPLEMENTATIONS = YES;
				CLANG_WARN_DIRECT_OBJC_ISA_USAGE = YES_ERROR;
				CLANG_WARN_DOCUMENTATION_COMMENTS = YES;
				CLANG_WARN_EMPTY_BODY = YES;
				CLANG_WARN_ENUM_CONVERSION = YES;
				CLANG_WARN_INFINITE_RECURSION = YES;
				CLANG_WARN_INT_CONVERSION = YES;
				CLANG_WARN_NON_LITERAL_NULL_CONVERSION = YES;
				CLANG_WARN_OBJC_IMPLICIT_RETAIN_SELF = YES;
				CLANG_WARN_OBJC_LITERAL_CONVERSION = YES;
				CLANG_WARN_OBJC_ROOT_CLASS = YES_ERROR;
				CLANG_WARN_QUOTED_INCLUDE_IN_FRAMEWORK_HEADER = YES;
				CLANG_WARN_RANGE_LOOP_ANALYSIS = YES;
				CLANG_WARN_STRICT_PROTOTYPES = YES;
				CLANG_WARN_SUSPICIOUS_MOVE = YES;
				CLANG_WARN_UNGUARDED_AVAILABILITY = YES_AGGRESSIVE;
				CLANG_WARN_UNREACHABLE_CODE = YES;
				CLANG_WARN__DUPLICATE_METHOD_MATCH = YES;
				COPY_PHASE_STRIP = NO;
				DEBUG_INFORMATION_FORMAT = dwarf;
				ENABLE_STRICT_OBJC_MSGSEND = YES;
				ENABLE_TESTABILITY = YES;
				ENABLE_USER_SCRIPT_SANDBOXING = YES;
				GCC_C_LANGUAGE_STANDARD = gnu17;
				GCC_DYNAMIC_NO_PIC = NO;
				GCC_NO_COMMON_BLOCKS = YES;
				GCC_OPTIMIZATION_LEVEL = 0;
				GCC_PREPROCESSOR_DEFINITIONS = (
					"DEBUG=1",
					"$(inherited)",
				);
				GCC_WARN_64_TO_32_BIT_CONVERSION = YES;
				GCC_WARN_ABOUT_RETURN_TYPE = YES_ERROR;
				GCC_WARN_UNDECLARED_SELECTOR = YES;
				GCC_WARN_UNINITIALIZED_AUTOS = YES_AGGRESSIVE;
				GCC_WARN_UNUSED_FUNCTION = YES;
				GCC_WARN_UNUSED_VARIABLE = YES;
				IPHONEOS_DEPLOYMENT_TARGET = 18.5;
				LOCALIZATION_PREFERS_STRING_CATALOGS = YES;
				MTL_ENABLE_DEBUG_INFO = INCLUDE_SOURCE;
				MTL_FAST_MATH = YES;
				ONLY_ACTIVE_ARCH = YES;
				SDKROOT = iphoneos;
				SWIFT_ACTIVE_COMPILATION_CONDITIONS = "DEBUG $(inherited)";
				SWIFT_OPTIMIZATION_LEVEL = "-Onone";
			};
			name = Debug;
		};
		B5EDAD6E2F047A5100397108 /* Release */ = {
			isa = XCBuildConfiguration;
			buildSettings = {
				ALWAYS_SEARCH_USER_PATHS = NO;
				ASSETCATALOG_COMPILER_GENERATE_SWIFT_ASSET_SYMBOL_EXTENSIONS = YES;
				CLANG_ANALYZER_NONNULL = YES;
				CLANG_ANALYZER_NUMBER_OBJECT_CONVERSION = YES_AGGRESSIVE;
				CLANG_CXX_LANGUAGE_STANDARD = "gnu++20";
				CLANG_ENABLE_MODULES = YES;
				CLANG_ENABLE_OBJC_ARC = YES;
				CLANG_ENABLE_OBJC_WEAK = YES;
				CLANG_WARN_BLOCK_CAPTURE_AUTORELEASING = YES;
				CLANG_WARN_BOOL_CONVERSION = YES;
				CLANG_WARN_COMMA = YES;
				CLANG_WARN_CONSTANT_CONVERSION = YES;
				CLANG_WARN_DEPRECATED_OBJC_IMPLEMENTATIONS = YES;
				CLANG_WARN_DIRECT_OBJC_ISA_USAGE = YES_ERROR;
				CLANG_WARN_DOCUMENTATION_COMMENTS = YES;
				CLANG_WARN_EMPTY_BODY = YES;
				CLANG_WARN_ENUM_CONVERSION = YES;
				CLANG_WARN_INFINITE_RECURSION = YES;
				CLANG_WARN_INT_CONVERSION = YES;
				CLANG_WARN_NON_LITERAL_NULL_CONVERSION = YES;
				CLANG_WARN_OBJC_IMPLICIT_RETAIN_SELF = YES;
				CLANG_WARN_OBJC_LITERAL_CONVERSION = YES;
				CLANG_WARN_OBJC_ROOT_CLASS = YES_ERROR;
				CLANG_WARN_QUOTED_INCLUDE_IN_FRAMEWORK_HEADER = YES;
				CLANG_WARN_RANGE_LOOP_ANALYSIS = YES;
				CLANG_WARN_STRICT_PROTOTYPES = YES;
				CLANG_WARN_SUSPICIOUS_MOVE = YES;
				CLANG_WARN_UNGUARDED_AVAILABILITY = YES_AGGRESSIVE;
				CLANG_WARN_UNREACHABLE_CODE = YES;
				CLANG_WARN__DUPLICATE_METHOD_MATCH = YES;
				COPY_PHASE_STRIP = NO;
				DEBUG_INFORMATION_FORMAT = "dwarf-with-dsym";
				ENABLE_NS_ASSERTIONS = NO;
				ENABLE_STRICT_OBJC_MSGSEND = YES;
				ENABLE_USER_SCRIPT_SANDBOXING = YES;
				GCC_C_LANGUAGE_STANDARD = gnu17;
				GCC_NO_COMMON_BLOCKS = YES;
				GCC_WARN_64_TO_32_BIT_CONVERSION = YES;
				GCC_WARN_ABOUT_RETURN_TYPE = YES_ERROR;
				GCC_WARN_UNDECLARED_SELECTOR = YES;
				GCC_WARN_UNINITIALIZED_AUTOS = YES_AGGRESSIVE;
				GCC_WARN_UNUSED_FUNCTION = YES;
				GCC_WARN_UNUSED_VARIABLE = YES;
				IPHONEOS_DEPLOYMENT_TARGET = 18.5;
				LOCALIZATION_PREFERS_STRING_CATALOGS = YES;
				MTL_ENABLE_DEBUG_INFO = NO;
				MTL_FAST_MATH = YES;
				SDKROOT = iphoneos;
				SWIFT_COMPILATION_MODE = wholemodule;
				VALIDATE_PRODUCT = YES;
			};
			name = Release;
		};
		B5EDAD702F047A5100397108 /* Debug */ = {
			isa = XCBuildConfiguration;
			buildSettings = {
				BUNDLE_LOADER = "$(TEST_HOST)";
				CODE_SIGN_STYLE = Automatic;
				CURRENT_PROJECT_VERSION = 1;
				GENERATE_INFOPLIST_FILE = YES;
				IPHONEOS_DEPLOYMENT_TARGET = 18.5;
				MARKETING_VERSION = 1.0;
				PRODUCT_BUNDLE_IDENTIFIER = "Rhasor.Lab-007-LightTests";
				PRODUCT_NAME = "$(TARGET_NAME)";
				SWIFT_EMIT_LOC_STRINGS = NO;
				SWIFT_VERSION = 5.0;
				TARGETED_DEVICE_FAMILY = "1,2";
				TEST_HOST = "$(BUILT_PRODUCTS_DIR)/Lab_007-Light.app/$(BUNDLE_EXECUTABLE_FOLDER_PATH)/Lab_007-Light";
			};
			name = Debug;
		};
		B5EDAD712F047A5100397108 /* Release */ = {
			isa = XCBuildConfiguration;
			buildSettings = {
				BUNDLE_LOADER = "$(TEST_HOST)";
				CODE_SIGN_STYLE = Automatic;
				CURRENT_PROJECT_VERSION = 1;
				GENERATE_INFOPLIST_FILE = YES;
				IPHONEOS_DEPLOYMENT_TARGET = 18.5;
				MARKETING_VERSION = 1.0;
				PRODUCT_BUNDLE_IDENTIFIER = "Rhasor.Lab-007-LightTests";
				PRODUCT_NAME = "$(TARGET_NAME)";
				SWIFT_EMIT_LOC_STRINGS = NO;
				SWIFT_VERSION = 5.0;
				TARGETED_DEVICE_FAMILY = "1,2";
				TEST_HOST = "$(BUILT_PRODUCTS_DIR)/Lab_007-Light.app/$(BUNDLE_EXECUTABLE_FOLDER_PATH)/Lab_007-Light";
			};
			name = Release;
		};
		B5EDAD732F047A5100397108 /* Debug */ = {
			isa = XCBuildConfiguration;
			buildSettings = {
				CODE_SIGN_STYLE = Automatic;
				CURRENT_PROJECT_VERSION = 1;
				GENERATE_INFOPLIST_FILE = YES;
				MARKETING_VERSION = 1.0;
				PRODUCT_BUNDLE_IDENTIFIER = "Rhasor.Lab-007-LightUITests";
				PRODUCT_NAME = "$(TARGET_NAME)";
				SWIFT_EMIT_LOC_STRINGS = NO;
				SWIFT_VERSION = 5.0;
				TARGETED_DEVICE_FAMILY = "1,2";
				TEST_TARGET_NAME = "Lab_007-Light";
			};
			name = Debug;
		};
		B5EDAD742F047A5100397108 /* Release */ = {
			isa = XCBuildConfiguration;
			buildSettings = {
				CODE_SIGN_STYLE = Automatic;
				CURRENT_PROJECT_VERSION = 1;
				GENERATE_INFOPLIST_FILE = YES;
				MARKETING_VERSION = 1.0;
				PRODUCT_BUNDLE_IDENTIFIER = "Rhasor.Lab-007-LightUITests";
				PRODUCT_NAME = "$(TARGET_NAME)";
				SWIFT_EMIT_LOC_STRINGS = NO;
				SWIFT_VERSION = 5.0;
				TARGETED_DEVICE_FAMILY = "1,2";
				TEST_TARGET_NAME = "Lab_007-Light";
			};
			name = Release;
		};
/* End XCBuildConfiguration section */

/* Begin XCConfigurationList section */
		B5EDAD3C2F047A5000397108 /* Build configuration list for PBXProject "Lab_007-Light" */ = {
			isa = XCConfigurationList;
			buildConfigurations = (
				B5EDAD6D2F047A5100397108 /* Debug */,
				B5EDAD6E2F047A5100397108 /* Release */,
			);
			defaultConfigurationIsVisible = 0;
			defaultConfigurationName = Release;
		};
		B5EDAD6A2F047A5100397108 /* Build configuration list for PBXNativeTarget "Lab_007-Light" */ = {
			isa = XCConfigurationList;
			buildConfigurations = (
				B5EDAD6B2F047A5100397108 /* Debug */,
				B5EDAD6C2F047A5100397108 /* Release */,
			);
			defaultConfigurationIsVisible = 0;
			defaultConfigurationName = Release;
		};
		B5EDAD6F2F047A5100397108 /* Build configuration list for PBXNativeTarget "Lab_007-LightTests" */ = {
			isa = XCConfigurationList;
			buildConfigurations = (
				B5EDAD702F047A5100397108 /* Debug */,
				B5EDAD712F047A5100397108 /* Release */,
			);
			defaultConfigurationIsVisible = 0;
			defaultConfigurationName = Release;
		};
		B5EDAD722F047A5100397108 /* Build configuration list for PBXNativeTarget "Lab_007-LightUITests" */ = {
			isa = XCConfigurationList;
			buildConfigurations = (
				B5EDAD732F047A5100397108 /* Debug */,
				B5EDAD742F047A5100397108 /* Release */,
			);
			defaultConfigurationIsVisible = 0;
			defaultConfigurationName = Release;
		};
/* End XCConfigurationList section */
	};
	rootObject = B5EDAD392F047A5000397108 /* Project object */;
}
