// !$*UTF8*$!
{
	archiveVersion = 1;
	classes = {
	};
	objectVersion = 77;
	objects = {

/* Begin PBXContainerItemProxy section */
		B5814C912F0475E100C2BA41 /* PBXContainerItemProxy */ = {
			isa = PBXContainerItemProxy;
			containerPortal = B5814C722F0475E000C2BA41 /* Project object */;
			proxyType = 1;
			remoteGlobalIDString = B5814C792F0475E000C2BA41;
			remoteInfo = "Lab_006-Interface_Builder";
		};
		B5814C9B2F0475E100C2BA41 /* PBXContainerItemProxy */ = {
			isa = PBXContainerItemProxy;
			containerPortal = B5814C722F0475E000C2BA41 /* Project object */;
			proxyType = 1;
			remoteGlobalIDString = B5814C792F0475E000C2BA41;
			remoteInfo = "Lab_006-Interface_Builder";
		};
/* End PBXContainerItemProxy section */

/* Begin PBXFileReference section */
		B5814C7A2F0475E000C2BA41 /* Lab_006-Interface_Builder.app */ = {isa = PBXFileReference; explicitFileType = wrapper.application; includeInIndex = 0; path = "Lab_006-Interface_Builder.app"; sourceTree = BUILT_PRODUCTS_DIR; };
		B5814C902F0475E100C2BA41 /* Lab_006-Interface_BuilderTests.xctest */ = {isa = PBXFileReference; explicitFileType = wrapper.cfbundle; includeInIndex = 0; path = "Lab_006-Interface_BuilderTests.xctest"; sourceTree = BUILT_PRODUCTS_DIR; };
		B5814C9A2F0475E100C2BA41 /* Lab_006-Interface_BuilderUITests.xctest */ = {isa = PBXFileReference; explicitFileType = wrapper.cfbundle; includeInIndex = 0; path = "Lab_006-Interface_BuilderUITests.xctest"; sourceTree = BUILT_PRODUCTS_DIR; };
/* End PBXFileReference section */

/* Begin PBXFileSystemSynchronizedBuildFileExceptionSet section */
		B5814CA22F0475E100C2BA41 /* Exceptions for "Lab_006-Interface_Builder" folder in "Lab_006-Interface_Builder" target */ = {
			isa = PBXFileSystemSynchronizedBuildFileExceptionSet;
			membershipExceptions = (
				Info.plist,
			);
			target = B5814C792F0475E000C2BA41 /* Lab_006-Interface_Builder */;
		};
/* End PBXFileSystemSynchronizedBuildFileExceptionSet section */

/* Begin PBXFileSystemSynchronizedRootGroup section */
		B5814C7C2F0475E000C2BA41 /* Lab_006-Interface_Builder */ = {
			isa = PBXFileSystemSynchronizedRootGroup;
			exceptions = (
				B5814CA22F0475E100C2BA41 /* Exceptions for "Lab_006-Interface_Builder" folder in "Lab_006-Interface_Builder" target */,
			);
			path = "Lab_006-Interface_Builder";
			sourceTree = "<group>";
		};
		B5814C932F0475E100C2BA41 /* Lab_006-Interface_BuilderTests */ = {
			isa = PBXFileSystemSynchronizedRootGroup;
			path = "Lab_006-Interface_BuilderTests";
			sourceTree = "<group>";
		};
		B5814C9D2F0475E100C2BA41 /* Lab_006-Interface_BuilderUITests */ = {
			isa = PBXFileSystemSynchronizedRootGroup;
			path = "Lab_006-Interface_BuilderUITests";
			sourceTree = "<group>";
		};
/* End PBXFileSystemSynchronizedRootGroup section */

/* Begin PBXFrameworksBuildPhase section */
		B5814C772F0475E000C2BA41 /* Frameworks */ = {
			isa = PBXFrameworksBuildPhase;
			buildActionMask = 2147483647;
			files = (
			);
			runOnlyForDeploymentPostprocessing = 0;
		};
		B5814C8D2F0475E100C2BA41 /* Frameworks */ = {
			isa = PBXFrameworksBuildPhase;
			buildActionMask = 2147483647;
			files = (
			);
			runOnlyForDeploymentPostprocessing = 0;
		};
		B5814C972F0475E100C2BA41 /* Frameworks */ = {
			isa = PBXFrameworksBuildPhase;
			buildActionMask = 2147483647;
			files = (
			);
			runOnlyForDeploymentPostprocessing = 0;
		};
/* End PBXFrameworksBuildPhase section */

/* Begin PBXGroup section */
		B5814C712F0475E000C2BA41 = {
			isa = PBXGroup;
			children = (
				B5814C7C2F0475E000C2BA41 /* Lab_006-Interface_Builder */,
				B5814C932F0475E100C2BA41 /* Lab_006-Interface_BuilderTests */,
				B5814C9D2F0475E100C2BA41 /* Lab_006-Interface_BuilderUITests */,
				B5814C7B2F0475E000C2BA41 /* Products */,
			);
			sourceTree = "<group>";
		};
		B5814C7B2F0475E000C2BA41 /* Products */ = {
			isa = PBXGroup;
			children = (
				B5814C7A2F0475E000C2BA41 /* Lab_006-Interface_Builder.app */,
				B5814C902F0475E100C2BA41 /* Lab_006-Interface_BuilderTests.xctest */,
				B5814C9A2F0475E100C2BA41 /* Lab_006-Interface_BuilderUITests.xctest */,
			);
			name = Products;
			sourceTree = "<group>";
		};
/* End PBXGroup section */

/* Begin PBXNativeTarget section */
		B5814C792F0475E000C2BA41 /* Lab_006-Interface_Builder */ = {
			isa = PBXNativeTarget;
			buildConfigurationList = B5814CA32F0475E100C2BA41 /* Build configuration list for PBXNativeTarget "Lab_006-Interface_Builder" */;
			buildPhases = (
				B5814C762F0475E000C2BA41 /* Sources */,
				B5814C772F0475E000C2BA41 /* Frameworks */,
				B5814C782F0475E000C2BA41 /* Resources */,
			);
			buildRules = (
			);
			dependencies = (
			);
			fileSystemSynchronizedGroups = (
				B5814C7C2F0475E000C2BA41 /* Lab_006-Interface_Builder */,
			);
			name = "Lab_006-Interface_Builder";
			packageProductDependencies = (
			);
			productName = "Lab_006-Interface_Builder";
			productReference = B5814C7A2F0475E000C2BA41 /* Lab_006-Interface_Builder.app */;
			productType = "com.apple.product-type.application";
		};
		B5814C8F2F0475E100C2BA41 /* Lab_006-Interface_BuilderTests */ = {
			isa = PBXNativeTarget;
			buildConfigurationList = B5814CA82F0475E100C2BA41 /* Build configuration list for PBXNativeTarget "Lab_006-Interface_BuilderTests" */;
			buildPhases = (
				B5814C8C2F0475E100C2BA41 /* Sources */,
				B5814C8D2F0475E100C2BA41 /* Frameworks */,
				B5814C8E2F0475E100C2BA41 /* Resources */,
			);
			buildRules = (
			);
			dependencies = (
				B5814C922F0475E100C2BA41 /* PBXTargetDependency */,
			);
			fileSystemSynchronizedGroups = (
				B5814C932F0475E100C2BA41 /* Lab_006-Interface_BuilderTests */,
			);
			name = "Lab_006-Interface_BuilderTests";
			packageProductDependencies = (
			);
			productName = "Lab_006-Interface_BuilderTests";
			productReference = B5814C902F0475E100C2BA41 /* Lab_006-Interface_BuilderTests.xctest */;
			productType = "com.apple.product-type.bundle.unit-test";
		};
		B5814C992F0475E100C2BA41 /* Lab_006-Interface_BuilderUITests */ = {
			isa = PBXNativeTarget;
			buildConfigurationList = B5814CAB2F0475E100C2BA41 /* Build configuration list for PBXNativeTarget "Lab_006-Interface_BuilderUITests" */;
			buildPhases = (
				B5814C962F0475E100C2BA41 /* Sources */,
				B5814C972F0475E100C2BA41 /* Frameworks */,
				B5814C982F0475E100C2BA41 /* Resources */,
			);
			buildRules = (
			);
			dependencies = (
				B5814C9C2F0475E100C2BA41 /* PBXTargetDependency */,
			);
			fileSystemSynchronizedGroups = (
				B5814C9D2F0475E100C2BA41 /* Lab_006-Interface_BuilderUITests */,
			);
			name = "Lab_006-Interface_BuilderUITests";
			packageProductDependencies = (
			);
			productName = "Lab_006-Interface_BuilderUITests";
			productReference = B5814C9A2F0475E100C2BA41 /* Lab_006-Interface_BuilderUITests.xctest */;
			productType = "com.apple.product-type.bundle.ui-testing";
		};
/* End PBXNativeTarget section */

/* Begin PBXProject section */
		B5814C722F0475E000C2BA41 /* Project object */ = {
			isa = PBXProject;
			attributes = {
				BuildIndependentTargetsInParallel = 1;
				LastSwiftUpdateCheck = 1640;
				LastUpgradeCheck = 1640;
				TargetAttributes = {
					B5814C792F0475E000C2BA41 = {
						CreatedOnToolsVersion = 16.4;
					};
					B5814C8F2F0475E100C2BA41 = {
						CreatedOnToolsVersion = 16.4;
						TestTargetID = B5814C792F0475E000C2BA41;
					};
					B5814C992F0475E100C2BA41 = {
						CreatedOnToolsVersion = 16.4;
						TestTargetID = B5814C792F0475E000C2BA41;
					};
				};
			};
			buildConfigurationList = B5814C752F0475E000C2BA41 /* Build configuration list for PBXProject "Lab_006-Interface_Builder" */;
			developmentRegion = en;
			hasScannedForEncodings = 0;
			knownRegions = (
				en,
				Base,
			);
			mainGroup = B5814C712F0475E000C2BA41;
			minimizedProjectReferenceProxies = 1;
			preferredProjectObjectVersion = 77;
			productRefGroup = B5814C7B2F0475E000C2BA41 /* Products */;
			projectDirPath = "";
			projectRoot = "";
			targets = (
				B5814C792F0475E000C2BA41 /* Lab_006-Interface_Builder */,
				B5814C8F2F0475E100C2BA41 /* Lab_006-Interface_BuilderTests */,
				B5814C992F0475E100C2BA41 /* Lab_006-Interface_BuilderUITests */,
			);
		};
/* End PBXProject section */

/* Begin PBXResourcesBuildPhase section */
		B5814C782F0475E000C2BA41 /* Resources */ = {
			isa = PBXResourcesBuildPhase;
			buildActionMask = 2147483647;
			files = (
			);
			runOnlyForDeploymentPostprocessing = 0;
		};
		B5814C8E2F0475E100C2BA41 /* Resources */ = {
			isa = PBXResourcesBuildPhase;
			buildActionMask = 2147483647;
			files = (
			);
			runOnlyForDeploymentPostprocessing = 0;
		};
		B5814C982F0475E100C2BA41 /* Resources */ = {
			isa = PBXResourcesBuildPhase;
			buildActionMask = 2147483647;
			files = (
			);
			runOnlyForDeploymentPostprocessing = 0;
		};
/* End PBXResourcesBuildPhase section */

/* Begin PBXSourcesBuildPhase section */
		B5814C762F0475E000C2BA41 /* Sources */ = {
			isa = PBXSourcesBuildPhase;
			buildActionMask = 2147483647;
			files = (
			);
			runOnlyForDeploymentPostprocessing = 0;
		};
		B5814C8C2F0475E100C2BA41 /* Sources */ = {
			isa = PBXSourcesBuildPhase;
			buildActionMask = 2147483647;
			files = (
			);
			runOnlyForDeploymentPostprocessing = 0;
		};
		B5814C962F0475E100C2BA41 /* Sources */ = {
			isa = PBXSourcesBuildPhase;
			buildActionMask = 2147483647;
			files = (
			);
			runOnlyForDeploymentPostprocessing = 0;
		};
/* End PBXSourcesBuildPhase section */

/* Begin PBXTargetDependency section */
		B5814C922F0475E100C2BA41 /* PBXTargetDependency */ = {
			isa = PBXTargetDependency;
			target = B5814C792F0475E000C2BA41 /* Lab_006-Interface_Builder */;
			targetProxy = B5814C912F0475E100C2BA41 /* PBXContainerItemProxy */;
		};
		B5814C9C2F0475E100C2BA41 /* PBXTargetDependency */ = {
			isa = PBXTargetDependency;
			target = B5814C792F0475E000C2BA41 /* Lab_006-Interface_Builder */;
			targetProxy = B5814C9B2F0475E100C2BA41 /* PBXContainerItemProxy */;
		};
/* End PBXTargetDependency section */

/* Begin XCBuildConfiguration section */
		B5814CA42F0475E100C2BA41 /* Debug */ = {
			isa = XCBuildConfiguration;
			buildSettings = {
				ASSETCATALOG_COMPILER_APPICON_NAME = AppIcon;
				ASSETCATALOG_COMPILER_GLOBAL_ACCENT_COLOR_NAME = AccentColor;
				CODE_SIGN_STYLE = Automatic;
				CURRENT_PROJECT_VERSION = 1;
				GENERATE_INFOPLIST_FILE = YES;
				INFOPLIST_FILE = "Lab_006-Interface_Builder/Info.plist";
				INFOPLIST_KEY_UIApplicationSupportsIndirectInputEvents = YES;
				INFOPLIST_KEY_UILaunchStoryboardName = LaunchScreen;
				INFOPLIST_KEY_UIMainStoryboardFile = Main;
				INFOPLIST_KEY_UISupportedInterfaceOrientations_iPad = "UIInterfaceOrientationPortrait UIInterfaceOrientationPortraitUpsideDown UIInterfaceOrientationLandscapeLeft UIInterfaceOrientationLandscapeRight";
				INFOPLIST_KEY_UISupportedInterfaceOrientations_iPhone = "UIInterfaceOrientationPortrait UIInterfaceOrientationLandscapeLeft UIInterfaceOrientationLandscapeRight";
				LD_RUNPATH_SEARCH_PATHS = (
					"$(inherited)",
					"@executable_path/Frameworks",
				);
				MARKETING_VERSION = 1.0;
				PRODUCT_BUNDLE_IDENTIFIER = "Rhasor.Lab-006-Interface-Builder";
				PRODUCT_NAME = "$(TARGET_NAME)";
				SWIFT_EMIT_LOC_STRINGS = YES;
				SWIFT_VERSION = 5.0;
				TARGETED_DEVICE_FAMILY = "1,2";
			};
			name = Debug;
		};
		B5814CA52F0475E100C2BA41 /* Release */ = {
			isa = XCBuildConfiguration;
			buildSettings = {
				ASSETCATALOG_COMPILER_APPICON_NAME = AppIcon;
				ASSETCATALOG_COMPILER_GLOBAL_ACCENT_COLOR_NAME = AccentColor;
				CODE_SIGN_STYLE = Automatic;
				CURRENT_PROJECT_VERSION = 1;
				GENERATE_INFOPLIST_FILE = YES;
				INFOPLIST_FILE = "Lab_006-Interface_Builder/Info.plist";
				INFOPLIST_KEY_UIApplicationSupportsIndirectInputEvents = YES;
				INFOPLIST_KEY_UILaunchStoryboardName = LaunchScreen;
				INFOPLIST_KEY_UIMainStoryboardFile = Main;
				INFOPLIST_KEY_UISupportedInterfaceOrientations_iPad = "UIInterfaceOrientationPortrait UIInterfaceOrientationPortraitUpsideDown UIInterfaceOrientationLandscapeLeft UIInterfaceOrientationLandscapeRight";
				INFOPLIST_KEY_UISupportedInterfaceOrientations_iPhone = "UIInterfaceOrientationPortrait UIInterfaceOrientationLandscapeLeft UIInterfaceOrientationLandscapeRight";
				LD_RUNPATH_SEARCH_PATHS = (
					"$(inherited)",
					"@executable_path/Frameworks",
				);
				MARKETING_VERSION = 1.0;
				PRODUCT_BUNDLE_IDENTIFIER = "Rhasor.Lab-006-Interface-Builder";
				PRODUCT_NAME = "$(TARGET_NAME)";
				SWIFT_EMIT_LOC_STRINGS = YES;
				SWIFT_VERSION = 5.0;
				TARGETED_DEVICE_FAMILY = "1,2";
			};
			name = Release;
		};
		B5814CA62F0475E100C2BA41 /* Debug */ = {
			isa = XCBuildConfiguration;
			buildSettings = {
				ALWAYS_SEARCH_USER_PATHS = NO;
				ASSETCATALOG_COMPILER_GENERATE_SWIFT_ASSET_SYMBOL_EXTENSIONS = YES;
				CLANG_ANALYZER_NONNULL = YES;
				CLANG_ANALYZER_NUMBER_OBJECT_CONVERSION = YES_AGGRESSIVE;
				CLANG_CXX_LANGUAGE_STANDARD = "gnu++20";
				CLANG_ENABLE_MODULES = YES;
				CLANG_ENABLE_OBJC_ARC = YES;
				CLANG_ENABLE_OBJC_WEAK = YES;
				CLANG_WARN_BLOCK_CAPTURE_AUTORELEASING = YES;
				CLANG_WARN_BOOL_CONVERSION = YES;
				CLANG_WARN_COMMA = YES;
				CLANG_WARN_CONSTANT_CONVERSION = YES;
				CLANG_WARN_DEPRECATED_OBJC_IMPLEMENTATIONS = YES;
				CLANG_WARN_DIRECT_OBJC_ISA_USAGE = YES_ERROR;
				CLANG_WARN_DOCUMENTATION_COMMENTS = YES;
				CLANG_WARN_EMPTY_BODY = YES;
				CLANG_WARN_ENUM_CONVERSION = YES;
				CLANG_WARN_INFINITE_RECURSION = YES;
				CLANG_WARN_INT_CONVERSION = YES;
				CLANG_WARN_NON_LITERAL_NULL_CONVERSION = YES;
				CLANG_WARN_OBJC_IMPLICIT_RETAIN_SELF = YES;
				CLANG_WARN_OBJC_LITERAL_CONVERSION = YES;
				CLANG_WARN_OBJC_ROOT_CLASS = YES_ERROR;
				CLANG_WARN_QUOTED_INCLUDE_IN_FRAMEWORK_HEADER = YES;
				CLANG_WARN_RANGE_LOOP_ANALYSIS = YES;
				CLANG_WARN_STRICT_PROTOTYPES = YES;
				CLANG_WARN_SUSPICIOUS_MOVE = YES;
				CLANG_WARN_UNGUARDED_AVAILABILITY = YES_AGGRESSIVE;
				CLANG_WARN_UNREACHABLE_CODE = YES;
				CLANG_WARN__DUPLICATE_METHOD_MATCH = YES;
				COPY_PHASE_STRIP = NO;
				DEBUG_INFORMATION_FORMAT = dwarf;
				ENABLE_STRICT_OBJC_MSGSEND = YES;
				ENABLE_TESTABILITY = YES;
				ENABLE_USER_SCRIPT_SANDBOXING = YES;
				GCC_C_LANGUAGE_STANDARD = gnu17;
				GCC_DYNAMIC_NO_PIC = NO;
				GCC_NO_COMMON_BLOCKS = YES;
				GCC_OPTIMIZATION_LEVEL = 0;
				GCC_PREPROCESSOR_DEFINITIONS = (
					"DEBUG=1",
					"$(inherited)",
				);
				GCC_WARN_64_TO_32_BIT_CONVERSION = YES;
				GCC_WARN_ABOUT_RETURN_TYPE = YES_ERROR;
				GCC_WARN_UNDECLARED_SELECTOR = YES;
				GCC_WARN_UNINITIALIZED_AUTOS = YES_AGGRESSIVE;
				GCC_WARN_UNUSED_FUNCTION = YES;
				GCC_WARN_UNUSED_VARIABLE = YES;
				IPHONEOS_DEPLOYMENT_TARGET = 18.5;
				LOCALIZATION_PREFERS_STRING_CATALOGS = YES;
				MTL_ENABLE_DEBUG_INFO = INCLUDE_SOURCE;
				MTL_FAST_MATH = YES;
				ONLY_ACTIVE_ARCH = YES;
				SDKROOT = iphoneos;
				SWIFT_ACTIVE_COMPILATION_CONDITIONS = "DEBUG $(inherited)";
				SWIFT_OPTIMIZATION_LEVEL = "-Onone";
			};
			name = Debug;
		};
		B5814CA72F0475E100C2BA41 /* Release */ = {
			isa = XCBuildConfiguration;
			buildSettings = {
				ALWAYS_SEARCH_USER_PATHS = NO;
				ASSETCATALOG_COMPILER_GENERATE_SWIFT_ASSET_SYMBOL_EXTENSIONS = YES;
				CLANG_ANALYZER_NONNULL = YES;
				CLANG_ANALYZER_NUMBER_OBJECT_CONVERSION = YES_AGGRESSIVE;
				CLANG_CXX_LANGUAGE_STANDARD = "gnu++20";
				CLANG_ENABLE_MODULES = YES;
				CLANG_ENABLE_OBJC_ARC = YES;
				CLANG_ENABLE_OBJC_WEAK = YES;
				CLANG_WARN_BLOCK_CAPTURE_AUTORELEASING = YES;
				CLANG_WARN_BOOL_CONVERSION = YES;
				CLANG_WARN_COMMA = YES;
				CLANG_WARN_CONSTANT_CONVERSION = YES;
				CLANG_WARN_DEPRECATED_OBJC_IMPLEMENTATIONS = YES;
				CLANG_WARN_DIRECT_OBJC_ISA_USAGE = YES_ERROR;
				CLANG_WARN_DOCUMENTATION_COMMENTS = YES;
				CLANG_WARN_EMPTY_BODY = YES;
				CLANG_WARN_ENUM_CONVERSION = YES;
				CLANG_WARN_INFINITE_RECURSION = YES;
				CLANG_WARN_INT_CONVERSION = YES;
				CLANG_WARN_NON_LITERAL_NULL_CONVERSION = YES;
				CLANG_WARN_OBJC_IMPLICIT_RETAIN_SELF = YES;
				CLANG_WARN_OBJC_LITERAL_CONVERSION = YES;
				CLANG_WARN_OBJC_ROOT_CLASS = YES_ERROR;
				CLANG_WARN_QUOTED_INCLUDE_IN_FRAMEWORK_HEADER = YES;
				CLANG_WARN_RANGE_LOOP_ANALYSIS = YES;
				CLANG_WARN_STRICT_PROTOTYPES = YES;
				CLANG_WARN_SUSPICIOUS_MOVE = YES;
				CLANG_WARN_UNGUARDED_AVAILABILITY = YES_AGGRESSIVE;
				CLANG_WARN_UNREACHABLE_CODE = YES;
				CLANG_WARN__DUPLICATE_METHOD_MATCH = YES;
				COPY_PHASE_STRIP = NO;
				DEBUG_INFORMATION_FORMAT = "dwarf-with-dsym";
				ENABLE_NS_ASSERTIONS = NO;
				ENABLE_STRICT_OBJC_MSGSEND = YES;
				ENABLE_USER_SCRIPT_SANDBOXING = YES;
				GCC_C_LANGUAGE_STANDARD = gnu17;
				GCC_NO_COMMON_BLOCKS = YES;
				GCC_WARN_64_TO_32_BIT_CONVERSION = YES;
				GCC_WARN_ABOUT_RETURN_TYPE = YES_ERROR;
				GCC_WARN_UNDECLARED_SELECTOR = YES;
				GCC_WARN_UNINITIALIZED_AUTOS = YES_AGGRESSIVE;
				GCC_WARN_UNUSED_FUNCTION = YES;
				GCC_WARN_UNUSED_VARIABLE = YES;
				IPHONEOS_DEPLOYMENT_TARGET = 18.5;
				LOCALIZATION_PREFERS_STRING_CATALOGS = YES;
				MTL_ENABLE_DEBUG_INFO = NO;
				MTL_FAST_MATH = YES;
				SDKROOT = iphoneos;
				SWIFT_COMPILATION_MODE = wholemodule;
				VALIDATE_PRODUCT = YES;
			};
			name = Release;
		};
		B5814CA92F0475E100C2BA41 /* Debug */ = {
			isa = XCBuildConfiguration;
			buildSettings = {
				BUNDLE_LOADER = "$(TEST_HOST)";
				CODE_SIGN_STYLE = Automatic;
				CURRENT_PROJECT_VERSION = 1;
				GENERATE_INFOPLIST_FILE = YES;
				IPHONEOS_DEPLOYMENT_TARGET = 18.5;
				MARKETING_VERSION = 1.0;
				PRODUCT_BUNDLE_IDENTIFIER = "Rhasor.Lab-006-Interface-BuilderTests";
				PRODUCT_NAME = "$(TARGET_NAME)";
				SWIFT_EMIT_LOC_STRINGS = NO;
				SWIFT_VERSION = 5.0;
				TARGETED_DEVICE_FAMILY = "1,2";
				TEST_HOST = "$(BUILT_PRODUCTS_DIR)/Lab_006-Interface_Builder.app/$(BUNDLE_EXECUTABLE_FOLDER_PATH)/Lab_006-Interface_Builder";
			};
			name = Debug;
		};
		B5814CAA2F0475E100C2BA41 /* Release */ = {
			isa = XCBuildConfiguration;
			buildSettings = {
				BUNDLE_LOADER = "$(TEST_HOST)";
				CODE_SIGN_STYLE = Automatic;
				CURRENT_PROJECT_VERSION = 1;
				GENERATE_INFOPLIST_FILE = YES;
				IPHONEOS_DEPLOYMENT_TARGET = 18.5;
				MARKETING_VERSION = 1.0;
				PRODUCT_BUNDLE_IDENTIFIER = "Rhasor.Lab-006-Interface-BuilderTests";
				PRODUCT_NAME = "$(TARGET_NAME)";
				SWIFT_EMIT_LOC_STRINGS = NO;
				SWIFT_VERSION = 5.0;
				TARGETED_DEVICE_FAMILY = "1,2";
				TEST_HOST = "$(BUILT_PRODUCTS_DIR)/Lab_006-Interface_Builder.app/$(BUNDLE_EXECUTABLE_FOLDER_PATH)/Lab_006-Interface_Builder";
			};
			name = Release;
		};
		B5814CAC2F0475E100C2BA41 /* Debug */ = {
			isa = XCBuildConfiguration;
			buildSettings = {
				CODE_SIGN_STYLE = Automatic;
				CURRENT_PROJECT_VERSION = 1;
				GENERATE_INFOPLIST_FILE = YES;
				MARKETING_VERSION = 1.0;
				PRODUCT_BUNDLE_IDENTIFIER = "Rhasor.Lab-006-Interface-BuilderUITests";
				PRODUCT_NAME = "$(TARGET_NAME)";
				SWIFT_EMIT_LOC_STRINGS = NO;
				SWIFT_VERSION = 5.0;
				TARGETED_DEVICE_FAMILY = "1,2";
				TEST_TARGET_NAME = "Lab_006-Interface_Builder";
			};
			name = Debug;
		};
		B5814CAD2F0475E100C2BA41 /* Release */ = {
			isa = XCBuildConfiguration;
			buildSettings = {
				CODE_SIGN_STYLE = Automatic;
				CURRENT_PROJECT_VERSION = 1;
				GENERATE_INFOPLIST_FILE = YES;
				MARKETING_VERSION = 1.0;
				PRODUCT_BUNDLE_IDENTIFIER = "Rhasor.Lab-006-Interface-BuilderUITests";
				PRODUCT_NAME = "$(TARGET_NAME)";
				SWIFT_EMIT_LOC_STRINGS = NO;
				SWIFT_VERSION = 5.0;
				TARGETED_DEVICE_FAMILY = "1,2";
				TEST_TARGET_NAME = "Lab_006-Interface_Builder";
			};
			name = Release;
		};
/* End XCBuildConfiguration section */

/* Begin XCConfigurationList section */
		B5814C752F0475E000C2BA41 /* Build configuration list for PBXProject "Lab_006-Interface_Builder" */ = {
			isa = XCConfigurationList;
			buildConfigurations = (
				B5814CA62F0475E100C2BA41 /* Debug */,
				B5814CA72F0475E100C2BA41 /* Release */,
			);
			defaultConfigurationIsVisible = 0;
			defaultConfigurationName = Release;
		};
		B5814CA32F0475E100C2BA41 /* Build configuration list for PBXNativeTarget "Lab_006-Interface_Builder" */ = {
			isa = XCConfigurationList;
			buildConfigurations = (
				B5814CA42F0475E100C2BA41 /* Debug */,
				B5814CA52F0475E100C2BA41 /* Release */,
			);
			defaultConfigurationIsVisible = 0;
			defaultConfigurationName = Release;
		};
		B5814CA82F0475E100C2BA41 /* Build configuration list for PBXNativeTarget "Lab_006-Interface_BuilderTests" */ = {
			isa = XCConfigurationList;
			buildConfigurations = (
				B5814CA92F0475E100C2BA41 /* Debug */,
				B5814CAA2F0475E100C2BA41 /* Release */,
			);
			defaultConfigurationIsVisible = 0;
			defaultConfigurationName = Release;
		};
		B5814CAB2F0475E100C2BA41 /* Build configuration list for PBXNativeTarget "Lab_006-Interface_BuilderUITests" */ = {
			isa = XCConfigurationList;
			buildConfigurations = (
				B5814CAC2F0475E100C2BA41 /* Debug */,
				B5814CAD2F0475E100C2BA41 /* Release */,
			);
			defaultConfigurationIsVisible = 0;
			defaultConfigurationName = Release;
		};
/* End XCConfigurationList section */
	};
	rootObject = B5814C722F0475E000C2BA41 /* Project object */;
}
